Microsoft Visual Studio Solution File, Format Version 12.00
# Visual Studio Version 17
VisualStudioVersion = 17.5.2.0
MinimumVisualStudioVersion = 10.0.40219.1
Project("{2150E333-8FDC-42A3-9474-1A3956D46DE8}") = "01-introduction", "01-introduction", "{862B1A54-2E45-3C43-E8CA-666C463BBC52}"
EndProject
Project("{FAE04EC0-301F-11D3-BF4B-00C04F79EFBC}") = "HelloQuantum", "01-introduction\HelloQuantum\HelloQuantum.csproj", "{EAED9227-6177-D780-7657-C480BFFCC440}"
EndProject
Global
	GlobalSection(SolutionConfigurationPlatforms) = preSolution
		Debug|Any CPU = Debug|Any CPU
		Release|Any CPU = Release|Any CPU
	EndGlobalSection
	GlobalSection(ProjectConfigurationPlatforms) = postSolution
		{EAED9227-6177-D780-7657-C480BFFCC440}.Debug|Any CPU.ActiveCfg = Debug|Any CPU
		{EAED9227-6177-D780-7657-C480BFFCC440}.Debug|Any CPU.Build.0 = Debug|Any CPU
		{EAED9227-6177-D780-7657-C480BFFCC440}.Release|Any CPU.ActiveCfg = Release|Any CPU
		{EAED9227-6177-D780-7657-C480BFFCC440}.Release|Any CPU.Build.0 = Release|Any CPU
	EndGlobalSection
	GlobalSection(SolutionProperties) = preSolution
		HideSolutionNode = FALSE
	EndGlobalSection
	GlobalSection(NestedProjects) = preSolution
		{EAED9227-6177-D780-7657-C480BFFCC440} = {862B1A54-2E45-3C43-E8CA-666C463BBC52}
	EndGlobalSection
	GlobalSection(ExtensibilityGlobals) = postSolution
		SolutionGuid = {B8723BC3-0DE0-4063-9953-5EDD525BAC7C}
	EndGlobalSection
EndGlobal
